// !$*UTF8*$!
{
	archiveVersion = 1;
	classes = {
	};
	objectVersion = 46;
	objects = {

/* Begin PBXBuildFile section */
		C1167A0D15DAD2BA0091A0C1 /* UIKit.framework in Frameworks */ = {isa = PBXBuildFile; fileRef = C1167A0C15DAD2BA0091A0C1 /* UIKit.framework */; };
		C1167A0F15DAD2BA0091A0C1 /* Foundation.framework in Frameworks */ = {isa = PBXBuildFile; fileRef = C1167A0E15DAD2BA0091A0C1 /* Foundation.framework */; };
		C1167A1115DAD2BA0091A0C1 /* CoreGraphics.framework in Frameworks */ = {isa = PBXBuildFile; fileRef = C1167A1015DAD2BA0091A0C1 /* CoreGraphics.framework */; };
		C1167A1315DAD2BA0091A0C1 /* CoreData.framework in Frameworks */ = {isa = PBXBuildFile; fileRef = C1167A1215DAD2BA0091A0C1 /* CoreData.framework */; };
		C1167A1915DAD2BA0091A0C1 /* InfoPlist.strings in Resources */ = {isa = PBXBuildFile; fileRef = C1167A1715DAD2BA0091A0C1 /* InfoPlist.strings */; };
		C1167A1B15DAD2BA0091A0C1 /* main.m in Sources */ = {isa = PBXBuildFile; fileRef = C1167A1A15DAD2BA0091A0C1 /* main.m */; };
		C1167A1F15DAD2BA0091A0C1 /* AppDelegate.m in Sources */ = {isa = PBXBuildFile; fileRef = C1167A1E15DAD2BA0091A0C1 /* AppDelegate.m */; };
		C1167A2215DAD2BA0091A0C1 /* MainStoryboard.storyboard in Resources */ = {isa = PBXBuildFile; fileRef = C1167A2015DAD2BA0091A0C1 /* MainStoryboard.storyboard */; };
		C1167A2515DAD2BA0091A0C1 /* InstaHackathon.xcdatamodeld in Sources */ = {isa = PBXBuildFile; fileRef = C1167A2315DAD2BA0091A0C1 /* InstaHackathon.xcdatamodeld */; };
		C1167A2815DAD2BA0091A0C1 /* MainViewController.m in Sources */ = {isa = PBXBuildFile; fileRef = C1167A2715DAD2BA0091A0C1 /* MainViewController.m */; };
		C1167A3615DADAFC0091A0C1 /* HACKATHON_Header_logo.png in Resources */ = {isa = PBXBuildFile; fileRef = C1167A3515DADAFC0091A0C1 /* HACKATHON_Header_logo.png */; };
		C1167A4015DAE0F20091A0C1 /* 7de876_mortal_kombat.png in Resources */ = {isa = PBXBuildFile; fileRef = C1167A3F15DAE0F20091A0C1 /* 7de876_mortal_kombat.png */; };
		C1167A4215DAE38A0091A0C1 /* 3f8b1b_MK3_Choose_Your_Destiny_Sound_Effect.mp3 in Resources */ = {isa = PBXBuildFile; fileRef = C1167A4115DAE38A0091A0C1 /* 3f8b1b_MK3_Choose_Your_Destiny_Sound_Effect.mp3 */; };
		C1167A4415DAE39F0091A0C1 /* AudioToolbox.framework in Frameworks */ = {isa = PBXBuildFile; fileRef = C1167A4315DAE39F0091A0C1 /* AudioToolbox.framework */; };
		C120E83D15DAE4D700ADD9E3 /* TeamViewController.m in Sources */ = {isa = PBXBuildFile; fileRef = C120E83C15DAE4D700ADD9E3 /* TeamViewController.m */; };
		C120E83F15DAEB9500ADD9E3 /* AVFoundation.framework in Frameworks */ = {isa = PBXBuildFile; fileRef = C120E83E15DAEB9500ADD9E3 /* AVFoundation.framework */; };
		C120E84A15DBF47B00ADD9E3 /* Event.m in Sources */ = {isa = PBXBuildFile; fileRef = C120E84915DBF47B00ADD9E3 /* Event.m */; };
		C120E85015DBF4B500ADD9E3 /* TeamMember.m in Sources */ = {isa = PBXBuildFile; fileRef = C120E84F15DBF4B500ADD9E3 /* TeamMember.m */; };
		C120E86315DBFF1300ADD9E3 /* NSDictionary+JSONCategories.m in Sources */ = {isa = PBXBuildFile; fileRef = C120E86215DBFF1300ADD9E3 /* NSDictionary+JSONCategories.m */; };
		C120E86A15DC33CC00ADD9E3 /* NSDate+JSONDataRepresentation.m in Sources */ = {isa = PBXBuildFile; fileRef = C120E86915DC33CC00ADD9E3 /* NSDate+JSONDataRepresentation.m */; };
		C120E88515DD41E500ADD9E3 /* Category.m in Sources */ = {isa = PBXBuildFile; fileRef = C120E88415DD41E500ADD9E3 /* Category.m */; };
		C1B36EED15DE8145000B1E77 /* Team.m in Sources */ = {isa = PBXBuildFile; fileRef = C1B36EEC15DE8145000B1E77 /* Team.m */; };
		CF955E0D15E2972B00321776 /* HackathonResultsViewController.m in Sources */ = {isa = PBXBuildFile; fileRef = CF955E0C15E2972B00321776 /* HackathonResultsViewController.m */; };
/* End PBXBuildFile section */

/* Begin PBXFileReference section */
		C1167A0815DAD2BA0091A0C1 /* InstaHackathon.app */ = {isa = PBXFileReference; explicitFileType = wrapper.application; includeInIndex = 0; path = InstaHackathon.app; sourceTree = BUILT_PRODUCTS_DIR; };
		C1167A0C15DAD2BA0091A0C1 /* UIKit.framework */ = {isa = PBXFileReference; lastKnownFileType = wrapper.framework; name = UIKit.framework; path = System/Library/Frameworks/UIKit.framework; sourceTree = SDKROOT; };
		C1167A0E15DAD2BA0091A0C1 /* Foundation.framework */ = {isa = PBXFileReference; lastKnownFileType = wrapper.framework; name = Foundation.framework; path = System/Library/Frameworks/Foundation.framework; sourceTree = SDKROOT; };
		C1167A1015DAD2BA0091A0C1 /* CoreGraphics.framework */ = {isa = PBXFileReference; lastKnownFileType = wrapper.framework; name = CoreGraphics.framework; path = System/Library/Frameworks/CoreGraphics.framework; sourceTree = SDKROOT; };
		C1167A1215DAD2BA0091A0C1 /* CoreData.framework */ = {isa = PBXFileReference; lastKnownFileType = wrapper.framework; name = CoreData.framework; path = System/Library/Frameworks/CoreData.framework; sourceTree = SDKROOT; };
		C1167A1615DAD2BA0091A0C1 /* InstaHackathon-Info.plist */ = {isa = PBXFileReference; lastKnownFileType = text.plist.xml; path = "InstaHackathon-Info.plist"; sourceTree = "<group>"; };
		C1167A1815DAD2BA0091A0C1 /* en */ = {isa = PBXFileReference; lastKnownFileType = text.plist.strings; name = en; path = en.lproj/InfoPlist.strings; sourceTree = "<group>"; };
		C1167A1A15DAD2BA0091A0C1 /* main.m */ = {isa = PBXFileReference; lastKnownFileType = sourcecode.c.objc; path = main.m; sourceTree = "<group>"; };
		C1167A1C15DAD2BA0091A0C1 /* InstaHackathon-Prefix.pch */ = {isa = PBXFileReference; lastKnownFileType = sourcecode.c.h; path = "InstaHackathon-Prefix.pch"; sourceTree = "<group>"; };
		C1167A1D15DAD2BA0091A0C1 /* AppDelegate.h */ = {isa = PBXFileReference; lastKnownFileType = sourcecode.c.h; path = AppDelegate.h; sourceTree = "<group>"; };
		C1167A1E15DAD2BA0091A0C1 /* AppDelegate.m */ = {isa = PBXFileReference; lastKnownFileType = sourcecode.c.objc; path = AppDelegate.m; sourceTree = "<group>"; };
		C1167A2115DAD2BA0091A0C1 /* en */ = {isa = PBXFileReference; lastKnownFileType = file.storyboard; name = en; path = en.lproj/MainStoryboard.storyboard; sourceTree = "<group>"; };
		C1167A2415DAD2BA0091A0C1 /* InstaHackathon.xcdatamodel */ = {isa = PBXFileReference; lastKnownFileType = wrapper.xcdatamodel; path = InstaHackathon.xcdatamodel; sourceTree = "<group>"; };
		C1167A2615DAD2BA0091A0C1 /* MainViewController.h */ = {isa = PBXFileReference; lastKnownFileType = sourcecode.c.h; path = MainViewController.h; sourceTree = "<group>"; };
		C1167A2715DAD2BA0091A0C1 /* MainViewController.m */ = {isa = PBXFileReference; lastKnownFileType = sourcecode.c.objc; path = MainViewController.m; sourceTree = "<group>"; };
		C1167A3515DADAFC0091A0C1 /* HACKATHON_Header_logo.png */ = {isa = PBXFileReference; lastKnownFileType = image.png; path = HACKATHON_Header_logo.png; sourceTree = "<group>"; };
		C1167A3F15DAE0F20091A0C1 /* 7de876_mortal_kombat.png */ = {isa = PBXFileReference; lastKnownFileType = image.png; path = 7de876_mortal_kombat.png; sourceTree = "<group>"; };
		C1167A4115DAE38A0091A0C1 /* 3f8b1b_MK3_Choose_Your_Destiny_Sound_Effect.mp3 */ = {isa = PBXFileReference; lastKnownFileType = audio.mp3; path = 3f8b1b_MK3_Choose_Your_Destiny_Sound_Effect.mp3; sourceTree = "<group>"; };
		C1167A4315DAE39F0091A0C1 /* AudioToolbox.framework */ = {isa = PBXFileReference; lastKnownFileType = wrapper.framework; name = AudioToolbox.framework; path = System/Library/Frameworks/AudioToolbox.framework; sourceTree = SDKROOT; };
		C120E83B15DAE4D700ADD9E3 /* TeamViewController.h */ = {isa = PBXFileReference; fileEncoding = 4; lastKnownFileType = sourcecode.c.h; path = TeamViewController.h; sourceTree = "<group>"; };
		C120E83C15DAE4D700ADD9E3 /* TeamViewController.m */ = {isa = PBXFileReference; fileEncoding = 4; lastKnownFileType = sourcecode.c.objc; path = TeamViewController.m; sourceTree = "<group>"; };
		C120E83E15DAEB9500ADD9E3 /* AVFoundation.framework */ = {isa = PBXFileReference; lastKnownFileType = wrapper.framework; name = AVFoundation.framework; path = System/Library/Frameworks/AVFoundation.framework; sourceTree = SDKROOT; };
		C120E84815DBF47B00ADD9E3 /* Event.h */ = {isa = PBXFileReference; fileEncoding = 4; lastKnownFileType = sourcecode.c.h; path = Event.h; sourceTree = "<group>"; };
		C120E84915DBF47B00ADD9E3 /* Event.m */ = {isa = PBXFileReference; fileEncoding = 4; lastKnownFileType = sourcecode.c.objc; path = Event.m; sourceTree = "<group>"; };
		C120E84E15DBF4B500ADD9E3 /* TeamMember.h */ = {isa = PBXFileReference; fileEncoding = 4; lastKnownFileType = sourcecode.c.h; path = TeamMember.h; sourceTree = "<group>"; };
		C120E84F15DBF4B500ADD9E3 /* TeamMember.m */ = {isa = PBXFileReference; fileEncoding = 4; lastKnownFileType = sourcecode.c.objc; path = TeamMember.m; sourceTree = "<group>"; };
		C120E86115DBFF1300ADD9E3 /* NSDictionary+JSONCategories.h */ = {isa = PBXFileReference; fileEncoding = 4; lastKnownFileType = sourcecode.c.h; path = "NSDictionary+JSONCategories.h"; sourceTree = "<group>"; };
		C120E86215DBFF1300ADD9E3 /* NSDictionary+JSONCategories.m */ = {isa = PBXFileReference; fileEncoding = 4; lastKnownFileType = sourcecode.c.objc; path = "NSDictionary+JSONCategories.m"; sourceTree = "<group>"; };
		C120E86815DC33CC00ADD9E3 /* NSDate+JSONDataRepresentation.h */ = {isa = PBXFileReference; fileEncoding = 4; lastKnownFileType = sourcecode.c.h; path = "NSDate+JSONDataRepresentation.h"; sourceTree = "<group>"; };
		C120E86915DC33CC00ADD9E3 /* NSDate+JSONDataRepresentation.m */ = {isa = PBXFileReference; fileEncoding = 4; lastKnownFileType = sourcecode.c.objc; path = "NSDate+JSONDataRepresentation.m"; sourceTree = "<group>"; };
		C120E88315DD41E500ADD9E3 /* Category.h */ = {isa = PBXFileReference; fileEncoding = 4; lastKnownFileType = sourcecode.c.h; path = Category.h; sourceTree = "<group>"; };
		C120E88415DD41E500ADD9E3 /* Category.m */ = {isa = PBXFileReference; fileEncoding = 4; lastKnownFileType = sourcecode.c.objc; path = Category.m; sourceTree = "<group>"; };
		C1B36EEB15DE8145000B1E77 /* Team.h */ = {isa = PBXFileReference; fileEncoding = 4; lastKnownFileType = sourcecode.c.h; path = Team.h; sourceTree = "<group>"; };
		C1B36EEC15DE8145000B1E77 /* Team.m */ = {isa = PBXFileReference; fileEncoding = 4; lastKnownFileType = sourcecode.c.objc; path = Team.m; sourceTree = "<group>"; };
		CF955E0B15E2972B00321776 /* HackathonResultsViewController.h */ = {isa = PBXFileReference; fileEncoding = 4; lastKnownFileType = sourcecode.c.h; path = HackathonResultsViewController.h; sourceTree = "<group>"; };
		CF955E0C15E2972B00321776 /* HackathonResultsViewController.m */ = {isa = PBXFileReference; fileEncoding = 4; lastKnownFileType = sourcecode.c.objc; path = HackathonResultsViewController.m; sourceTree = "<group>"; };
/* End PBXFileReference section */

/* Begin PBXFrameworksBuildPhase section */
		C1167A0515DAD2BA0091A0C1 /* Frameworks */ = {
			isa = PBXFrameworksBuildPhase;
			buildActionMask = 2147483647;
			files = (
				C120E83F15DAEB9500ADD9E3 /* AVFoundation.framework in Frameworks */,
				C1167A4415DAE39F0091A0C1 /* AudioToolbox.framework in Frameworks */,
				C1167A0D15DAD2BA0091A0C1 /* UIKit.framework in Frameworks */,
				C1167A0F15DAD2BA0091A0C1 /* Foundation.framework in Frameworks */,
				C1167A1115DAD2BA0091A0C1 /* CoreGraphics.framework in Frameworks */,
				C1167A1315DAD2BA0091A0C1 /* CoreData.framework in Frameworks */,
			);
			runOnlyForDeploymentPostprocessing = 0;
		};
/* End PBXFrameworksBuildPhase section */

/* Begin PBXGroup section */
		C11679FD15DAD2BA0091A0C1 = {
			isa = PBXGroup;
			children = (
				C1167A1415DAD2BA0091A0C1 /* InstaHackathon */,
				C1167A0B15DAD2BA0091A0C1 /* Frameworks */,
				C1167A0915DAD2BA0091A0C1 /* Products */,
			);
			sourceTree = "<group>";
		};
		C1167A0915DAD2BA0091A0C1 /* Products */ = {
			isa = PBXGroup;
			children = (
				C1167A0815DAD2BA0091A0C1 /* InstaHackathon.app */,
			);
			name = Products;
			sourceTree = "<group>";
		};
		C1167A0B15DAD2BA0091A0C1 /* Frameworks */ = {
			isa = PBXGroup;
			children = (
				C120E83E15DAEB9500ADD9E3 /* AVFoundation.framework */,
				C1167A4315DAE39F0091A0C1 /* AudioToolbox.framework */,
				C1167A0C15DAD2BA0091A0C1 /* UIKit.framework */,
				C1167A0E15DAD2BA0091A0C1 /* Foundation.framework */,
				C1167A1015DAD2BA0091A0C1 /* CoreGraphics.framework */,
				C1167A1215DAD2BA0091A0C1 /* CoreData.framework */,
			);
			name = Frameworks;
			sourceTree = "<group>";
		};
		C1167A1415DAD2BA0091A0C1 /* InstaHackathon */ = {
			isa = PBXGroup;
			children = (
				C120E84715DBF44800ADD9E3 /* Core Data */,
				C1167A3415DADAED0091A0C1 /* Resources */,
				C1167A3315DAD84A0091A0C1 /* Team Choice Page */,
				C1167A3215DAD8450091A0C1 /* Results Page */,
				C1167A3115DAD8200091A0C1 /* Start Page */,
				C1167A1515DAD2BA0091A0C1 /* Supporting Files */,
			);
			path = InstaHackathon;
			sourceTree = "<group>";
		};
		C1167A1515DAD2BA0091A0C1 /* Supporting Files */ = {
			isa = PBXGroup;
			children = (
				C120E86815DC33CC00ADD9E3 /* NSDate+JSONDataRepresentation.h */,
				C120E86915DC33CC00ADD9E3 /* NSDate+JSONDataRepresentation.m */,
				C120E86115DBFF1300ADD9E3 /* NSDictionary+JSONCategories.h */,
				C120E86215DBFF1300ADD9E3 /* NSDictionary+JSONCategories.m */,
				C1167A1D15DAD2BA0091A0C1 /* AppDelegate.h */,
				C1167A1E15DAD2BA0091A0C1 /* AppDelegate.m */,
				C1167A2015DAD2BA0091A0C1 /* MainStoryboard.storyboard */,
				C1167A1615DAD2BA0091A0C1 /* InstaHackathon-Info.plist */,
				C1167A1715DAD2BA0091A0C1 /* InfoPlist.strings */,
				C1167A1A15DAD2BA0091A0C1 /* main.m */,
				C1167A1C15DAD2BA0091A0C1 /* InstaHackathon-Prefix.pch */,
			);
			name = "Supporting Files";
			sourceTree = "<group>";
		};
		C1167A3115DAD8200091A0C1 /* Start Page */ = {
			isa = PBXGroup;
			children = (
				C1167A2615DAD2BA0091A0C1 /* MainViewController.h */,
				C1167A2715DAD2BA0091A0C1 /* MainViewController.m */,
			);
			name = "Start Page";
			sourceTree = "<group>";
		};
		C1167A3215DAD8450091A0C1 /* Results Page */ = {
			isa = PBXGroup;
			children = (
				CF955E0B15E2972B00321776 /* HackathonResultsViewController.h */,
				CF955E0C15E2972B00321776 /* HackathonResultsViewController.m */,
			);
			name = "Results Page";
			sourceTree = "<group>";
		};
		C1167A3315DAD84A0091A0C1 /* Team Choice Page */ = {
			isa = PBXGroup;
			children = (
				C120E83B15DAE4D700ADD9E3 /* TeamViewController.h */,
				C120E83C15DAE4D700ADD9E3 /* TeamViewController.m */,
			);
			name = "Team Choice Page";
			sourceTree = "<group>";
		};
		C1167A3415DADAED0091A0C1 /* Resources */ = {
			isa = PBXGroup;
			children = (
				C1167A4115DAE38A0091A0C1 /* 3f8b1b_MK3_Choose_Your_Destiny_Sound_Effect.mp3 */,
				C1167A3F15DAE0F20091A0C1 /* 7de876_mortal_kombat.png */,
				C1167A3515DADAFC0091A0C1 /* HACKATHON_Header_logo.png */,
			);
			name = Resources;
			sourceTree = "<group>";
		};
		C120E84715DBF44800ADD9E3 /* Core Data */ = {
			isa = PBXGroup;
			children = (
				C120E88315DD41E500ADD9E3 /* Category.h */,
				C120E88415DD41E500ADD9E3 /* Category.m */,
				C1167A2315DAD2BA0091A0C1 /* InstaHackathon.xcdatamodeld */,
				C1B36EEB15DE8145000B1E77 /* Team.h */,
				C1B36EEC15DE8145000B1E77 /* Team.m */,
				C120E84E15DBF4B500ADD9E3 /* TeamMember.h */,
				C120E84F15DBF4B500ADD9E3 /* TeamMember.m */,
				C120E84815DBF47B00ADD9E3 /* Event.h */,
				C120E84915DBF47B00ADD9E3 /* Event.m */,
			);
			name = "Core Data";
			sourceTree = "<group>";
		};
/* End PBXGroup section */

/* Begin PBXNativeTarget section */
		C1167A0715DAD2BA0091A0C1 /* InstaHackathon */ = {
			isa = PBXNativeTarget;
			buildConfigurationList = C1167A2E15DAD2BA0091A0C1 /* Build configuration list for PBXNativeTarget "InstaHackathon" */;
			buildPhases = (
				C1167A0415DAD2BA0091A0C1 /* Sources */,
				C1167A0515DAD2BA0091A0C1 /* Frameworks */,
				C1167A0615DAD2BA0091A0C1 /* Resources */,
			);
			buildRules = (
			);
			dependencies = (
			);
			name = InstaHackathon;
			productName = InstaHackathon;
			productReference = C1167A0815DAD2BA0091A0C1 /* InstaHackathon.app */;
			productType = "com.apple.product-type.application";
		};
/* End PBXNativeTarget section */

/* Begin PBXProject section */
		C11679FF15DAD2BA0091A0C1 /* Project object */ = {
			isa = PBXProject;
			attributes = {
				LastUpgradeCheck = 0440;
				ORGANIZATIONNAME = SPARC;
			};
			buildConfigurationList = C1167A0215DAD2BA0091A0C1 /* Build configuration list for PBXProject "InstaHackathon" */;
			compatibilityVersion = "Xcode 3.2";
			developmentRegion = English;
			hasScannedForEncodings = 0;
			knownRegions = (
				en,
			);
			mainGroup = C11679FD15DAD2BA0091A0C1;
			productRefGroup = C1167A0915DAD2BA0091A0C1 /* Products */;
			projectDirPath = "";
			projectRoot = "";
			targets = (
				C1167A0715DAD2BA0091A0C1 /* InstaHackathon */,
			);
		};
/* End PBXProject section */

/* Begin PBXResourcesBuildPhase section */
		C1167A0615DAD2BA0091A0C1 /* Resources */ = {
			isa = PBXResourcesBuildPhase;
			buildActionMask = 2147483647;
			files = (
				C1167A1915DAD2BA0091A0C1 /* InfoPlist.strings in Resources */,
				C1167A2215DAD2BA0091A0C1 /* MainStoryboard.storyboard in Resources */,
				C1167A3615DADAFC0091A0C1 /* HACKATHON_Header_logo.png in Resources */,
				C1167A4015DAE0F20091A0C1 /* 7de876_mortal_kombat.png in Resources */,
				C1167A4215DAE38A0091A0C1 /* 3f8b1b_MK3_Choose_Your_Destiny_Sound_Effect.mp3 in Resources */,
			);
			runOnlyForDeploymentPostprocessing = 0;
		};
/* End PBXResourcesBuildPhase section */

/* Begin PBXSourcesBuildPhase section */
		C1167A0415DAD2BA0091A0C1 /* Sources */ = {
			isa = PBXSourcesBuildPhase;
			buildActionMask = 2147483647;
			files = (
				C1167A1B15DAD2BA0091A0C1 /* main.m in Sources */,
				C1167A1F15DAD2BA0091A0C1 /* AppDelegate.m in Sources */,
				C1167A2515DAD2BA0091A0C1 /* InstaHackathon.xcdatamodeld in Sources */,
				C1167A2815DAD2BA0091A0C1 /* MainViewController.m in Sources */,
				C120E83D15DAE4D700ADD9E3 /* TeamViewController.m in Sources */,
				C120E84A15DBF47B00ADD9E3 /* Event.m in Sources */,
				C120E85015DBF4B500ADD9E3 /* TeamMember.m in Sources */,
				C120E86315DBFF1300ADD9E3 /* NSDictionary+JSONCategories.m in Sources */,
				C120E86A15DC33CC00ADD9E3 /* NSDate+JSONDataRepresentation.m in Sources */,
				C120E88515DD41E500ADD9E3 /* Category.m in Sources */,
				C1B36EED15DE8145000B1E77 /* Team.m in Sources */,
				CF955E0D15E2972B00321776 /* HackathonResultsViewController.m in Sources */,
			);
			runOnlyForDeploymentPostprocessing = 0;
		};
/* End PBXSourcesBuildPhase section */

/* Begin PBXVariantGroup section */
		C1167A1715DAD2BA0091A0C1 /* InfoPlist.strings */ = {
			isa = PBXVariantGroup;
			children = (
				C1167A1815DAD2BA0091A0C1 /* en */,
			);
			name = InfoPlist.strings;
			sourceTree = "<group>";
		};
		C1167A2015DAD2BA0091A0C1 /* MainStoryboard.storyboard */ = {
			isa = PBXVariantGroup;
			children = (
				C1167A2115DAD2BA0091A0C1 /* en */,
			);
			name = MainStoryboard.storyboard;
			sourceTree = "<group>";
		};
/* End PBXVariantGroup section */

/* Begin XCBuildConfiguration section */
		C1167A2C15DAD2BA0091A0C1 /* Debug */ = {
			isa = XCBuildConfiguration;
			buildSettings = {
				ALWAYS_SEARCH_USER_PATHS = NO;
				ARCHS = "$(ARCHS_STANDARD_32_BIT)";
				CLANG_CXX_LANGUAGE_STANDARD = "gnu++0x";
				CLANG_ENABLE_OBJC_ARC = YES;
				CLANG_WARN__DUPLICATE_METHOD_MATCH = YES;
				"CODE_SIGN_IDENTITY[sdk=iphoneos*]" = "iPhone Developer";
				COPY_PHASE_STRIP = NO;
				GCC_C_LANGUAGE_STANDARD = gnu99;
				GCC_DYNAMIC_NO_PIC = NO;
				GCC_OPTIMIZATION_LEVEL = 0;
				GCC_PREPROCESSOR_DEFINITIONS = (
					"DEBUG=1",
					"$(inherited)",
				);
				GCC_SYMBOLS_PRIVATE_EXTERN = NO;
				GCC_VERSION = com.apple.compilers.llvm.clang.1_0;
				GCC_WARN_ABOUT_RETURN_TYPE = YES;
				GCC_WARN_UNINITIALIZED_AUTOS = YES;
				GCC_WARN_UNUSED_VARIABLE = YES;
				IPHONEOS_DEPLOYMENT_TARGET = 5.1;
				SDKROOT = iphoneos;
				TARGETED_DEVICE_FAMILY = 2;
			};
			name = Debug;
		};
		C1167A2D15DAD2BA0091A0C1 /* Release */ = {
			isa = XCBuildConfiguration;
			buildSettings = {
				ALWAYS_SEARCH_USER_PATHS = NO;
				ARCHS = "$(ARCHS_STANDARD_32_BIT)";
				CLANG_CXX_LANGUAGE_STANDARD = "gnu++0x";
				CLANG_ENABLE_OBJC_ARC = YES;
				CLANG_WARN__DUPLICATE_METHOD_MATCH = YES;
				"CODE_SIGN_IDENTITY[sdk=iphoneos*]" = "iPhone Developer";
				COPY_PHASE_STRIP = YES;
				GCC_C_LANGUAGE_STANDARD = gnu99;
				GCC_VERSION = com.apple.compilers.llvm.clang.1_0;
				GCC_WARN_ABOUT_RETURN_TYPE = YES;
				GCC_WARN_UNINITIALIZED_AUTOS = YES;
				GCC_WARN_UNUSED_VARIABLE = YES;
				IPHONEOS_DEPLOYMENT_TARGET = 5.1;
				OTHER_CFLAGS = "-DNS_BLOCK_ASSERTIONS=1";
				SDKROOT = iphoneos;
				TARGETED_DEVICE_FAMILY = 2;
				VALIDATE_PRODUCT = YES;
			};
			name = Release;
		};
		C1167A2F15DAD2BA0091A0C1 /* Debug */ = {
			isa = XCBuildConfiguration;
			buildSettings = {
				GCC_PRECOMPILE_PREFIX_HEADER = YES;
				GCC_PREFIX_HEADER = "InstaHackathon/InstaHackathon-Prefix.pch";
				INFOPLIST_FILE = "InstaHackathon/InstaHackathon-Info.plist";
				PRODUCT_NAME = "$(TARGET_NAME)";
				WRAPPER_EXTENSION = app;
			};
			name = Debug;
		};
		C1167A3015DAD2BA0091A0C1 /* Release */ = {
			isa = XCBuildConfiguration;
			buildSettings = {
				GCC_PRECOMPILE_PREFIX_HEADER = YES;
				GCC_PREFIX_HEADER = "InstaHackathon/InstaHackathon-Prefix.pch";
				INFOPLIST_FILE = "InstaHackathon/InstaHackathon-Info.plist";
				PRODUCT_NAME = "$(TARGET_NAME)";
				WRAPPER_EXTENSION = app;
			};
			name = Release;
		};
/* End XCBuildConfiguration section */

/* Begin XCConfigurationList section */
		C1167A0215DAD2BA0091A0C1 /* Build configuration list for PBXProject "InstaHackathon" */ = {
			isa = XCConfigurationList;
			buildConfigurations = (
				C1167A2C15DAD2BA0091A0C1 /* Debug */,
				C1167A2D15DAD2BA0091A0C1 /* Release */,
			);
			defaultConfigurationIsVisible = 0;
			defaultConfigurationName = Release;
		};
		C1167A2E15DAD2BA0091A0C1 /* Build configuration list for PBXNativeTarget "InstaHackathon" */ = {
			isa = XCConfigurationList;
			buildConfigurations = (
				C1167A2F15DAD2BA0091A0C1 /* Debug */,
				C1167A3015DAD2BA0091A0C1 /* Release */,
			);
			defaultConfigurationIsVisible = 0;
			defaultConfigurationName = Release;
		};
/* End XCConfigurationList section */

/* Begin XCVersionGroup section */
		C1167A2315DAD2BA0091A0C1 /* InstaHackathon.xcdatamodeld */ = {
			isa = XCVersionGroup;
			children = (
				C1167A2415DAD2BA0091A0C1 /* InstaHackathon.xcdatamodel */,
			);
			currentVersion = C1167A2415DAD2BA0091A0C1 /* InstaHackathon.xcdatamodel */;
			path = InstaHackathon.xcdatamodeld;
			sourceTree = "<group>";
			versionGroupType = wrapper.xcdatamodel;
		};
/* End XCVersionGroup section */
	};
	rootObject = C11679FF15DAD2BA0091A0C1 /* Project object */;
}
