// !$*UTF8*$!
{
	archiveVersion = 1;
	classes = {
	};
	objectVersion = 46;
	objects = {

/* Begin PBXBuildFile section */
		C1167A0D15DAD2BA0091A0C1 /* UIKit.framework in Frameworks */ = {isa = PBXBuildFile; fileRef = C1167A0C15DAD2BA0091A0C1 /* UIKit.framework */; };
		C1167A0F15DAD2BA0091A0C1 /* Foundation.framework in Frameworks */ = {isa = PBXBuildFile; fileRef = C1167A0E15DAD2BA0091A0C1 /* Foundation.framework */; };
		C1167A1115DAD2BA0091A0C1 /* CoreGraphics.framework in Frameworks */ = {isa = PBXBuildFile; fileRef = C1167A1015DAD2BA0091A0C1 /* CoreGraphics.framework */; };
		C1167A1315DAD2BA0091A0C1 /* CoreData.framework in Frameworks */ = {isa = PBXBuildFile; fileRef = C1167A1215DAD2BA0091A0C1 /* CoreData.framework */; };
		C1167A1915DAD2BA0091A0C1 /* InfoPlist.strings in Resources */ = {isa = PBXBuildFile; fileRef = C1167A1715DAD2BA0091A0C1 /* InfoPlist.strings */; };
		C1167A1B15DAD2BA0091A0C1 /* main.m in Sources */ = {isa = PBXBuildFile; fileRef = C1167A1A15DAD2BA0091A0C1 /* main.m */; };
		C1167A1F15DAD2BA0091A0C1 /* AppDelegate.m in Sources */ = {isa = PBXBuildFile; fileRef = C1167A1E15DAD2BA0091A0C1 /* AppDelegate.m */; };
		C1167A2215DAD2BA0091A0C1 /* MainStoryboard.storyboard in Resources */ = {isa = PBXBuildFile; fileRef = C1167A2015DAD2BA0091A0C1 /* MainStoryboard.storyboard */; };
		C1167A2515DAD2BA0091A0C1 /* InstaHackathon.xcdatamodeld in Sources */ = {isa = PBXBuildFile; fileRef = C1167A2315DAD2BA0091A0C1 /* InstaHackathon.xcdatamodeld */; };
		C1167A2815DAD2BA0091A0C1 /* MainViewController.m in Sources */ = {isa = PBXBuildFile; fileRef = C1167A2715DAD2BA0091A0C1 /* MainViewController.m */; };
		C1167A2B15DAD2BA0091A0C1 /* FlipsideViewController.m in Sources */ = {isa = PBXBuildFile; fileRef = C1167A2A15DAD2BA0091A0C1 /* FlipsideViewController.m */; };
/* End PBXBuildFile section */

/* Begin PBXFileReference section */
		C1167A0815DAD2BA0091A0C1 /* InstaHackathon.app */ = {isa = PBXFileReference; explicitFileType = wrapper.application; includeInIndex = 0; path = InstaHackathon.app; sourceTree = BUILT_PRODUCTS_DIR; };
		C1167A0C15DAD2BA0091A0C1 /* UIKit.framework */ = {isa = PBXFileReference; lastKnownFileType = wrapper.framework; name = UIKit.framework; path = System/Library/Frameworks/UIKit.framework; sourceTree = SDKROOT; };
		C1167A0E15DAD2BA0091A0C1 /* Foundation.framework */ = {isa = PBXFileReference; lastKnownFileType = wrapper.framework; name = Foundation.framework; path = System/Library/Frameworks/Foundation.framework; sourceTree = SDKROOT; };
		C1167A1015DAD2BA0091A0C1 /* CoreGraphics.framework */ = {isa = PBXFileReference; lastKnownFileType = wrapper.framework; name = CoreGraphics.framework; path = System/Library/Frameworks/CoreGraphics.framework; sourceTree = SDKROOT; };
		C1167A1215DAD2BA0091A0C1 /* CoreData.framework */ = {isa = PBXFileReference; lastKnownFileType = wrapper.framework; name = CoreData.framework; path = System/Library/Frameworks/CoreData.framework; sourceTree = SDKROOT; };
		C1167A1615DAD2BA0091A0C1 /* InstaHackathon-Info.plist */ = {isa = PBXFileReference; lastKnownFileType = text.plist.xml; path = "InstaHackathon-Info.plist"; sourceTree = "<group>"; };
		C1167A1815DAD2BA0091A0C1 /* en */ = {isa = PBXFileReference; lastKnownFileType = text.plist.strings; name = en; path = en.lproj/InfoPlist.strings; sourceTree = "<group>"; };
		C1167A1A15DAD2BA0091A0C1 /* main.m */ = {isa = PBXFileReference; lastKnownFileType = sourcecode.c.objc; path = main.m; sourceTree = "<group>"; };
		C1167A1C15DAD2BA0091A0C1 /* InstaHackathon-Prefix.pch */ = {isa = PBXFileReference; lastKnownFileType = sourcecode.c.h; path = "InstaHackathon-Prefix.pch"; sourceTree = "<group>"; };
		C1167A1D15DAD2BA0091A0C1 /* AppDelegate.h */ = {isa = PBXFileReference; lastKnownFileType = sourcecode.c.h; path = AppDelegate.h; sourceTree = "<group>"; };
		C1167A1E15DAD2BA0091A0C1 /* AppDelegate.m */ = {isa = PBXFileReference; lastKnownFileType = sourcecode.c.objc; path = AppDelegate.m; sourceTree = "<group>"; };
		C1167A2115DAD2BA0091A0C1 /* en */ = {isa = PBXFileReference; lastKnownFileType = file.storyboard; name = en; path = en.lproj/MainStoryboard.storyboard; sourceTree = "<group>"; };
		C1167A2415DAD2BA0091A0C1 /* InstaHackathon.xcdatamodel */ = {isa = PBXFileReference; lastKnownFileType = wrapper.xcdatamodel; path = InstaHackathon.xcdatamodel; sourceTree = "<group>"; };
		C1167A2615DAD2BA0091A0C1 /* MainViewController.h */ = {isa = PBXFileReference; lastKnownFileType = sourcecode.c.h; path = MainViewController.h; sourceTree = "<group>"; };
		C1167A2715DAD2BA0091A0C1 /* MainViewController.m */ = {isa = PBXFileReference; lastKnownFileType = sourcecode.c.objc; path = MainViewController.m; sourceTree = "<group>"; };
		C1167A2915DAD2BA0091A0C1 /* FlipsideViewController.h */ = {isa = PBXFileReference; lastKnownFileType = sourcecode.c.h; path = FlipsideViewController.h; sourceTree = "<group>"; };
		C1167A2A15DAD2BA0091A0C1 /* FlipsideViewController.m */ = {isa = PBXFileReference; lastKnownFileType = sourcecode.c.objc; path = FlipsideViewController.m; sourceTree = "<group>"; };
/* End PBXFileReference section */

/* Begin PBXFrameworksBuildPhase section */
		C1167A0515DAD2BA0091A0C1 /* Frameworks */ = {
			isa = PBXFrameworksBuildPhase;
			buildActionMask = 2147483647;
			files = (
				C1167A0D15DAD2BA0091A0C1 /* UIKit.framework in Frameworks */,
				C1167A0F15DAD2BA0091A0C1 /* Foundation.framework in Frameworks */,
				C1167A1115DAD2BA0091A0C1 /* CoreGraphics.framework in Frameworks */,
				C1167A1315DAD2BA0091A0C1 /* CoreData.framework in Frameworks */,
			);
			runOnlyForDeploymentPostprocessing = 0;
		};
/* End PBXFrameworksBuildPhase section */

/* Begin PBXGroup section */
		C11679FD15DAD2BA0091A0C1 = {
			isa = PBXGroup;
			children = (
				C1167A1415DAD2BA0091A0C1 /* InstaHackathon */,
				C1167A0B15DAD2BA0091A0C1 /* Frameworks */,
				C1167A0915DAD2BA0091A0C1 /* Products */,
			);
			sourceTree = "<group>";
		};
		C1167A0915DAD2BA0091A0C1 /* Products */ = {
			isa = PBXGroup;
			children = (
				C1167A0815DAD2BA0091A0C1 /* InstaHackathon.app */,
			);
			name = Products;
			sourceTree = "<group>";
		};
		C1167A0B15DAD2BA0091A0C1 /* Frameworks */ = {
			isa = PBXGroup;
			children = (
				C1167A0C15DAD2BA0091A0C1 /* UIKit.framework */,
				C1167A0E15DAD2BA0091A0C1 /* Foundation.framework */,
				C1167A1015DAD2BA0091A0C1 /* CoreGraphics.framework */,
				C1167A1215DAD2BA0091A0C1 /* CoreData.framework */,
			);
			name = Frameworks;
			sourceTree = "<group>";
		};
		C1167A1415DAD2BA0091A0C1 /* InstaHackathon */ = {
			isa = PBXGroup;
			children = (
				C1167A1D15DAD2BA0091A0C1 /* AppDelegate.h */,
				C1167A1E15DAD2BA0091A0C1 /* AppDelegate.m */,
				C1167A2015DAD2BA0091A0C1 /* MainStoryboard.storyboard */,
				C1167A2615DAD2BA0091A0C1 /* MainViewController.h */,
				C1167A2715DAD2BA0091A0C1 /* MainViewController.m */,
				C1167A2915DAD2BA0091A0C1 /* FlipsideViewController.h */,
				C1167A2A15DAD2BA0091A0C1 /* FlipsideViewController.m */,
				C1167A2315DAD2BA0091A0C1 /* InstaHackathon.xcdatamodeld */,
				C1167A1515DAD2BA0091A0C1 /* Supporting Files */,
			);
			path = InstaHackathon;
			sourceTree = "<group>";
		};
		C1167A1515DAD2BA0091A0C1 /* Supporting Files */ = {
			isa = PBXGroup;
			children = (
				C1167A1615DAD2BA0091A0C1 /* InstaHackathon-Info.plist */,
				C1167A1715DAD2BA0091A0C1 /* InfoPlist.strings */,
				C1167A1A15DAD2BA0091A0C1 /* main.m */,
				C1167A1C15DAD2BA0091A0C1 /* InstaHackathon-Prefix.pch */,
			);
			name = "Supporting Files";
			sourceTree = "<group>";
		};
/* End PBXGroup section */

/* Begin PBXNativeTarget section */
		C1167A0715DAD2BA0091A0C1 /* InstaHackathon */ = {
			isa = PBXNativeTarget;
			buildConfigurationList = C1167A2E15DAD2BA0091A0C1 /* Build configuration list for PBXNativeTarget "InstaHackathon" */;
			buildPhases = (
				C1167A0415DAD2BA0091A0C1 /* Sources */,
				C1167A0515DAD2BA0091A0C1 /* Frameworks */,
				C1167A0615DAD2BA0091A0C1 /* Resources */,
			);
			buildRules = (
			);
			dependencies = (
			);
			name = InstaHackathon;
			productName = InstaHackathon;
			productReference = C1167A0815DAD2BA0091A0C1 /* InstaHackathon.app */;
			productType = "com.apple.product-type.application";
		};
/* End PBXNativeTarget section */

/* Begin PBXProject section */
		C11679FF15DAD2BA0091A0C1 /* Project object */ = {
			isa = PBXProject;
			attributes = {
				LastUpgradeCheck = 0440;
				ORGANIZATIONNAME = SPARC;
			};
			buildConfigurationList = C1167A0215DAD2BA0091A0C1 /* Build configuration list for PBXProject "InstaHackathon" */;
			compatibilityVersion = "Xcode 3.2";
			developmentRegion = English;
			hasScannedForEncodings = 0;
			knownRegions = (
				en,
			);
			mainGroup = C11679FD15DAD2BA0091A0C1;
			productRefGroup = C1167A0915DAD2BA0091A0C1 /* Products */;
			projectDirPath = "";
			projectRoot = "";
			targets = (
				C1167A0715DAD2BA0091A0C1 /* InstaHackathon */,
			);
		};
/* End PBXProject section */

/* Begin PBXResourcesBuildPhase section */
		C1167A0615DAD2BA0091A0C1 /* Resources */ = {
			isa = PBXResourcesBuildPhase;
			buildActionMask = 2147483647;
			files = (
				C1167A1915DAD2BA0091A0C1 /* InfoPlist.strings in Resources */,
				C1167A2215DAD2BA0091A0C1 /* MainStoryboard.storyboard in Resources */,
			);
			runOnlyForDeploymentPostprocessing = 0;
		};
/* End PBXResourcesBuildPhase section */

/* Begin PBXSourcesBuildPhase section */
		C1167A0415DAD2BA0091A0C1 /* Sources */ = {
			isa = PBXSourcesBuildPhase;
			buildActionMask = 2147483647;
			files = (
				C1167A1B15DAD2BA0091A0C1 /* main.m in Sources */,
				C1167A1F15DAD2BA0091A0C1 /* AppDelegate.m in Sources */,
				C1167A2515DAD2BA0091A0C1 /* InstaHackathon.xcdatamodeld in Sources */,
				C1167A2815DAD2BA0091A0C1 /* MainViewController.m in Sources */,
				C1167A2B15DAD2BA0091A0C1 /* FlipsideViewController.m in Sources */,
			);
			runOnlyForDeploymentPostprocessing = 0;
		};
/* End PBXSourcesBuildPhase section */

/* Begin PBXVariantGroup section */
		C1167A1715DAD2BA0091A0C1 /* InfoPlist.strings */ = {
			isa = PBXVariantGroup;
			children = (
				C1167A1815DAD2BA0091A0C1 /* en */,
			);
			name = InfoPlist.strings;
			sourceTree = "<group>";
		};
		C1167A2015DAD2BA0091A0C1 /* MainStoryboard.storyboard */ = {
			isa = PBXVariantGroup;
			children = (
				C1167A2115DAD2BA0091A0C1 /* en */,
			);
			name = MainStoryboard.storyboard;
			sourceTree = "<group>";
		};
/* End PBXVariantGroup section */

/* Begin XCBuildConfiguration section */
		C1167A2C15DAD2BA0091A0C1 /* Debug */ = {
			isa = XCBuildConfiguration;
			buildSettings = {
				ALWAYS_SEARCH_USER_PATHS = NO;
				ARCHS = "$(ARCHS_STANDARD_32_BIT)";
				CLANG_CXX_LANGUAGE_STANDARD = "gnu++0x";
				CLANG_ENABLE_OBJC_ARC = YES;
				CLANG_WARN__DUPLICATE_METHOD_MATCH = YES;
				"CODE_SIGN_IDENTITY[sdk=iphoneos*]" = "iPhone Developer";
				COPY_PHASE_STRIP = NO;
				GCC_C_LANGUAGE_STANDARD = gnu99;
				GCC_DYNAMIC_NO_PIC = NO;
				GCC_OPTIMIZATION_LEVEL = 0;
				GCC_PREPROCESSOR_DEFINITIONS = (
					"DEBUG=1",
					"$(inherited)",
				);
				GCC_SYMBOLS_PRIVATE_EXTERN = NO;
				GCC_VERSION = com.apple.compilers.llvm.clang.1_0;
				GCC_WARN_ABOUT_RETURN_TYPE = YES;
				GCC_WARN_UNINITIALIZED_AUTOS = YES;
				GCC_WARN_UNUSED_VARIABLE = YES;
				IPHONEOS_DEPLOYMENT_TARGET = 5.1;
				SDKROOT = iphoneos;
				TARGETED_DEVICE_FAMILY = 2;
			};
			name = Debug;
		};
		C1167A2D15DAD2BA0091A0C1 /* Release */ = {
			isa = XCBuildConfiguration;
			buildSettings = {
				ALWAYS_SEARCH_USER_PATHS = NO;
				ARCHS = "$(ARCHS_STANDARD_32_BIT)";
				CLANG_CXX_LANGUAGE_STANDARD = "gnu++0x";
				CLANG_ENABLE_OBJC_ARC = YES;
				CLANG_WARN__DUPLICATE_METHOD_MATCH = YES;
				"CODE_SIGN_IDENTITY[sdk=iphoneos*]" = "iPhone Developer";
				COPY_PHASE_STRIP = YES;
				GCC_C_LANGUAGE_STANDARD = gnu99;
				GCC_VERSION = com.apple.compilers.llvm.clang.1_0;
				GCC_WARN_ABOUT_RETURN_TYPE = YES;
				GCC_WARN_UNINITIALIZED_AUTOS = YES;
				GCC_WARN_UNUSED_VARIABLE = YES;
				IPHONEOS_DEPLOYMENT_TARGET = 5.1;
				OTHER_CFLAGS = "-DNS_BLOCK_ASSERTIONS=1";
				SDKROOT = iphoneos;
				TARGETED_DEVICE_FAMILY = 2;
				VALIDATE_PRODUCT = YES;
			};
			name = Release;
		};
		C1167A2F15DAD2BA0091A0C1 /* Debug */ = {
			isa = XCBuildConfiguration;
			buildSettings = {
				GCC_PRECOMPILE_PREFIX_HEADER = YES;
				GCC_PREFIX_HEADER = "InstaHackathon/InstaHackathon-Prefix.pch";
				INFOPLIST_FILE = "InstaHackathon/InstaHackathon-Info.plist";
				PRODUCT_NAME = "$(TARGET_NAME)";
				WRAPPER_EXTENSION = app;
			};
			name = Debug;
		};
		C1167A3015DAD2BA0091A0C1 /* Release */ = {
			isa = XCBuildConfiguration;
			buildSettings = {
				GCC_PRECOMPILE_PREFIX_HEADER = YES;
				GCC_PREFIX_HEADER = "InstaHackathon/InstaHackathon-Prefix.pch";
				INFOPLIST_FILE = "InstaHackathon/InstaHackathon-Info.plist";
				PRODUCT_NAME = "$(TARGET_NAME)";
				WRAPPER_EXTENSION = app;
			};
			name = Release;
		};
/* End XCBuildConfiguration section */

/* Begin XCConfigurationList section */
		C1167A0215DAD2BA0091A0C1 /* Build configuration list for PBXProject "InstaHackathon" */ = {
			isa = XCConfigurationList;
			buildConfigurations = (
				C1167A2C15DAD2BA0091A0C1 /* Debug */,
				C1167A2D15DAD2BA0091A0C1 /* Release */,
			);
			defaultConfigurationIsVisible = 0;
			defaultConfigurationName = Release;
		};
		C1167A2E15DAD2BA0091A0C1 /* Build configuration list for PBXNativeTarget "InstaHackathon" */ = {
			isa = XCConfigurationList;
			buildConfigurations = (
				C1167A2F15DAD2BA0091A0C1 /* Debug */,
				C1167A3015DAD2BA0091A0C1 /* Release */,
			);
			defaultConfigurationIsVisible = 0;
		};
/* End XCConfigurationList section */

/* Begin XCVersionGroup section */
		C1167A2315DAD2BA0091A0C1 /* InstaHackathon.xcdatamodeld */ = {
			isa = XCVersionGroup;
			children = (
				C1167A2415DAD2BA0091A0C1 /* InstaHackathon.xcdatamodel */,
			);
			currentVersion = C1167A2415DAD2BA0091A0C1 /* InstaHackathon.xcdatamodel */;
			path = InstaHackathon.xcdatamodeld;
			sourceTree = "<group>";
			versionGroupType = wrapper.xcdatamodel;
		};
/* End XCVersionGroup section */
	};
	rootObject = C11679FF15DAD2BA0091A0C1 /* Project object */;
}
